
Microsoft Visual Studio Solution File, Format Version 12.00
# Visual Studio Version 17
VisualStudioVersion = 17.13.35931.197
MinimumVisualStudioVersion = 10.0.40219.1
Project("{FAE04EC0-301F-11D3-BF4B-00C04F79EFBC}") = "MoviesProject", "MoviesProject.csproj", "{9783ABB5-7B19-47BE-9AE9-AB996E992402}"
EndProject
Project("{FAE04EC0-301F-11D3-BF4B-00C04F79EFBC}") = "MoviesProject.Data", "..\MoviesProject.Data\MoviesProject.Data.csproj", "{C84EF0A6-2099-18BD-69BB-396D8C914223}"
EndProject
Global
	GlobalSection(SolutionConfigurationPlatforms) = preSolution
		Debug|Any CPU = Debug|Any CPU
		Release|Any CPU = Release|Any CPU
	EndGlobalSection
	GlobalSection(ProjectConfigurationPlatforms) = postSolution
		{9783ABB5-7B19-47BE-9AE9-AB996E992402}.Debug|Any CPU.ActiveCfg = Debug|Any CPU
		{9783ABB5-7B19-47BE-9AE9-AB996E992402}.Debug|Any CPU.Build.0 = Debug|Any CPU
		{9783ABB5-7B19-47BE-9AE9-AB996E992402}.Release|Any CPU.ActiveCfg = Release|Any CPU
		{9783ABB5-7B19-47BE-9AE9-AB996E992402}.Release|Any CPU.Build.0 = Release|Any CPU
		{C84EF0A6-2099-18BD-69BB-396D8C914223}.Debug|Any CPU.ActiveCfg = Debug|Any CPU
		{C84EF0A6-2099-18BD-69BB-396D8C914223}.Debug|Any CPU.Build.0 = Debug|Any CPU
		{C84EF0A6-2099-18BD-69BB-396D8C914223}.Release|Any CPU.ActiveCfg = Release|Any CPU
		{C84EF0A6-2099-18BD-69BB-396D8C914223}.Release|Any CPU.Build.0 = Release|Any CPU
	EndGlobalSection
	GlobalSection(SolutionProperties) = preSolution
		HideSolutionNode = FALSE
	EndGlobalSection
	GlobalSection(ExtensibilityGlobals) = postSolution
		SolutionGuid = {BDC6C3F4-BBC9-46B1-A03D-5305B9C1FB85}
	EndGlobalSection
EndGlobal
